
Microsoft Visual Studio Solution File, Format Version 11.00
# Visual Studio 2010
Project("{FAE04EC0-301F-11D3-BF4B-00C04F79EFBC}") = "Human Head", "Assembly-CSharp.csproj", "{34B4B1DD-054E-51A0-2843-2CE3746D56FB}"
EndProject
Project("{FAE04EC0-301F-11D3-BF4B-00C04F79EFBC}") = "Human Head", "Assembly-CSharp-Editor.csproj", "{B9B58DB7-BE27-7001-574C-CD0230A69E38}"
EndProject
Global
	GlobalSection(SolutionConfigurationPlatforms) = preSolution
		Debug|Any CPU = Debug|Any CPU
		Release|Any CPU = Release|Any CPU
	EndGlobalSection
	GlobalSection(ProjectConfigurationPlatforms) = postSolution
		{34B4B1DD-054E-51A0-2843-2CE3746D56FB}.Debug|Any CPU.ActiveCfg = Debug|Any CPU
		{34B4B1DD-054E-51A0-2843-2CE3746D56FB}.Debug|Any CPU.Build.0 = Debug|Any CPU
		{34B4B1DD-054E-51A0-2843-2CE3746D56FB}.Release|Any CPU.ActiveCfg = Release|Any CPU
		{34B4B1DD-054E-51A0-2843-2CE3746D56FB}.Release|Any CPU.Build.0 = Release|Any CPU
		{B9B58DB7-BE27-7001-574C-CD0230A69E38}.Debug|Any CPU.ActiveCfg = Debug|Any CPU
		{B9B58DB7-BE27-7001-574C-CD0230A69E38}.Debug|Any CPU.Build.0 = Debug|Any CPU
		{B9B58DB7-BE27-7001-574C-CD0230A69E38}.Release|Any CPU.ActiveCfg = Release|Any CPU
		{B9B58DB7-BE27-7001-574C-CD0230A69E38}.Release|Any CPU.Build.0 = Release|Any CPU
	EndGlobalSection
	GlobalSection(SolutionProperties) = preSolution
		HideSolutionNode = FALSE
	EndGlobalSection
	GlobalSection(MonoDevelopProperties) = preSolution
		StartupItem = Assembly-CSharp.csproj
	EndGlobalSection
EndGlobal
